
Microsoft Visual Studio Solution File, Format Version 12.00
# Visual Studio Version 17
VisualStudioVersion = 17.7.34221.43
MinimumVisualStudioVersion = 10.0.40219.1
Project("{8BC9CEB8-8B4A-11D0-8D11-00A0C91BC942}") = "ex0201", "ex0201\ex0201.vcxproj", "{C98FC6F0-8F05-4C47-A188-6ED8E17178DC}"
EndProject
Project("{8BC9CEB8-8B4A-11D0-8D11-00A0C91BC942}") = "ex0301", "ex0301\ex0301.vcxproj", "{057C30C2-14FF-4E42-82E8-F5C74D480E92}"
EndProject
Project("{8BC9CEB8-8B4A-11D0-8D11-00A0C91BC942}") = "ex0401", "ex0401\ex0401.vcxproj", "{971E1725-DA6D-41F0-9B76-D3D111742C71}"
EndProject
Project("{8BC9CEB8-8B4A-11D0-8D11-00A0C91BC942}") = "ex0402", "ex0402\ex0402.vcxproj", "{9EB26B3E-9FF1-49A1-907A-964054057077}"
EndProject
Project("{8BC9CEB8-8B4A-11D0-8D11-00A0C91BC942}") = "ex0403", "ex0403\ex0403.vcxproj", "{887FD041-241A-4112-BD33-D556B02AACFB}"
EndProject
Project("{8BC9CEB8-8B4A-11D0-8D11-00A0C91BC942}") = "ex0404", "ex0404\ex0404.vcxproj", "{C87A21A2-E960-4BC3-B56A-9CB48646C020}"
EndProject
Project("{8BC9CEB8-8B4A-11D0-8D11-00A0C91BC942}") = "ex0406", "ex0406\ex0406.vcxproj", "{FBDC6803-27D7-4392-8583-2D716236AE7C}"
EndProject
Project("{8BC9CEB8-8B4A-11D0-8D11-00A0C91BC942}") = "ex0408", "ex0408\ex0408.vcxproj", "{50D60F04-4230-462C-B266-40D161C84EC4}"
EndProject
Project("{8BC9CEB8-8B4A-11D0-8D11-00A0C91BC942}") = "ex0409", "ex0409\ex0409.vcxproj", "{089745AE-26FB-4B20-993E-BB11074164DF}"
EndProject
Project("{8BC9CEB8-8B4A-11D0-8D11-00A0C91BC942}") = "ex0410", "ex0410\ex0410.vcxproj", "{ACC74007-AC01-47E0-98BA-F518D0B1FF64}"
EndProject
Project("{8BC9CEB8-8B4A-11D0-8D11-00A0C91BC942}") = "ex0411", "ex0411\ex0411.vcxproj", "{0418A595-F691-45DB-96DD-6285A5DEA967}"
EndProject
Project("{8BC9CEB8-8B4A-11D0-8D11-00A0C91BC942}") = "ex0412", "ex0412\ex0412.vcxproj", "{EF2EBF55-FC00-4869-890C-8B82F876E159}"
EndProject
Project("{8BC9CEB8-8B4A-11D0-8D11-00A0C91BC942}") = "ex0413", "ex0413\ex0413.vcxproj", "{2CBABFEE-3F04-40DE-9924-1CCAFB051C2F}"
EndProject
Project("{8BC9CEB8-8B4A-11D0-8D11-00A0C91BC942}") = "ex0414", "ex0414\ex0414.vcxproj", "{8FB627EF-5ACB-41A8-B506-FBFF8AE4AE3F}"
EndProject
Project("{8BC9CEB8-8B4A-11D0-8D11-00A0C91BC942}") = "ex0415", "ex0415\ex0415.vcxproj", "{D7C177A9-E546-4D65-9422-34C89DF37E40}"
EndProject
Project("{8BC9CEB8-8B4A-11D0-8D11-00A0C91BC942}") = "ex0416", "ex0416\ex0416.vcxproj", "{B19E5E4F-81CB-43A2-813F-07F05E623BFD}"
EndProject
Project("{8BC9CEB8-8B4A-11D0-8D11-00A0C91BC942}") = "ex0405", "ex0405\ex0405.vcxproj", "{65FFF2AD-F1A8-491D-B057-B0C34F3B0185}"
EndProject
Project("{8BC9CEB8-8B4A-11D0-8D11-00A0C91BC942}") = "ex0101", "ex0101\ex0101.vcxproj", "{DF7B08B0-F3EB-4B4E-9CD5-D79AF3106CCE}"
EndProject
Project("{8BC9CEB8-8B4A-11D0-8D11-00A0C91BC942}") = "ex0407", "ex0407\ex0407.vcxproj", "{7A32E325-0D19-4B68-843F-CCF122EFEB71}"
EndProject
Global
	GlobalSection(SolutionConfigurationPlatforms) = preSolution
		Debug|x64 = Debug|x64
		Debug|x86 = Debug|x86
		Release|x64 = Release|x64
		Release|x86 = Release|x86
	EndGlobalSection
	GlobalSection(ProjectConfigurationPlatforms) = postSolution
		{C98FC6F0-8F05-4C47-A188-6ED8E17178DC}.Debug|x64.ActiveCfg = Debug|x64
		{C98FC6F0-8F05-4C47-A188-6ED8E17178DC}.Debug|x64.Build.0 = Debug|x64
		{C98FC6F0-8F05-4C47-A188-6ED8E17178DC}.Debug|x86.ActiveCfg = Debug|Win32
		{C98FC6F0-8F05-4C47-A188-6ED8E17178DC}.Debug|x86.Build.0 = Debug|Win32
		{C98FC6F0-8F05-4C47-A188-6ED8E17178DC}.Release|x64.ActiveCfg = Release|x64
		{C98FC6F0-8F05-4C47-A188-6ED8E17178DC}.Release|x64.Build.0 = Release|x64
		{C98FC6F0-8F05-4C47-A188-6ED8E17178DC}.Release|x86.ActiveCfg = Release|Win32
		{C98FC6F0-8F05-4C47-A188-6ED8E17178DC}.Release|x86.Build.0 = Release|Win32
		{057C30C2-14FF-4E42-82E8-F5C74D480E92}.Debug|x64.ActiveCfg = Debug|x64
		{057C30C2-14FF-4E42-82E8-F5C74D480E92}.Debug|x64.Build.0 = Debug|x64
		{057C30C2-14FF-4E42-82E8-F5C74D480E92}.Debug|x86.ActiveCfg = Debug|Win32
		{057C30C2-14FF-4E42-82E8-F5C74D480E92}.Debug|x86.Build.0 = Debug|Win32
		{057C30C2-14FF-4E42-82E8-F5C74D480E92}.Release|x64.ActiveCfg = Release|x64
		{057C30C2-14FF-4E42-82E8-F5C74D480E92}.Release|x64.Build.0 = Release|x64
		{057C30C2-14FF-4E42-82E8-F5C74D480E92}.Release|x86.ActiveCfg = Release|Win32
		{057C30C2-14FF-4E42-82E8-F5C74D480E92}.Release|x86.Build.0 = Release|Win32
		{971E1725-DA6D-41F0-9B76-D3D111742C71}.Debug|x64.ActiveCfg = Debug|x64
		{971E1725-DA6D-41F0-9B76-D3D111742C71}.Debug|x64.Build.0 = Debug|x64
		{971E1725-DA6D-41F0-9B76-D3D111742C71}.Debug|x86.ActiveCfg = Debug|Win32
		{971E1725-DA6D-41F0-9B76-D3D111742C71}.Debug|x86.Build.0 = Debug|Win32
		{971E1725-DA6D-41F0-9B76-D3D111742C71}.Release|x64.ActiveCfg = Release|x64
		{971E1725-DA6D-41F0-9B76-D3D111742C71}.Release|x64.Build.0 = Release|x64
		{971E1725-DA6D-41F0-9B76-D3D111742C71}.Release|x86.ActiveCfg = Release|Win32
		{971E1725-DA6D-41F0-9B76-D3D111742C71}.Release|x86.Build.0 = Release|Win32
		{9EB26B3E-9FF1-49A1-907A-964054057077}.Debug|x64.ActiveCfg = Debug|x64
		{9EB26B3E-9FF1-49A1-907A-964054057077}.Debug|x64.Build.0 = Debug|x64
		{9EB26B3E-9FF1-49A1-907A-964054057077}.Debug|x86.ActiveCfg = Debug|Win32
		{9EB26B3E-9FF1-49A1-907A-964054057077}.Debug|x86.Build.0 = Debug|Win32
		{9EB26B3E-9FF1-49A1-907A-964054057077}.Release|x64.ActiveCfg = Release|x64
		{9EB26B3E-9FF1-49A1-907A-964054057077}.Release|x64.Build.0 = Release|x64
		{9EB26B3E-9FF1-49A1-907A-964054057077}.Release|x86.ActiveCfg = Release|Win32
		{9EB26B3E-9FF1-49A1-907A-964054057077}.Release|x86.Build.0 = Release|Win32
		{887FD041-241A-4112-BD33-D556B02AACFB}.Debug|x64.ActiveCfg = Debug|x64
		{887FD041-241A-4112-BD33-D556B02AACFB}.Debug|x64.Build.0 = Debug|x64
		{887FD041-241A-4112-BD33-D556B02AACFB}.Debug|x86.ActiveCfg = Debug|Win32
		{887FD041-241A-4112-BD33-D556B02AACFB}.Debug|x86.Build.0 = Debug|Win32
		{887FD041-241A-4112-BD33-D556B02AACFB}.Release|x64.ActiveCfg = Release|x64
		{887FD041-241A-4112-BD33-D556B02AACFB}.Release|x64.Build.0 = Release|x64
		{887FD041-241A-4112-BD33-D556B02AACFB}.Release|x86.ActiveCfg = Release|Win32
		{887FD041-241A-4112-BD33-D556B02AACFB}.Release|x86.Build.0 = Release|Win32
		{C87A21A2-E960-4BC3-B56A-9CB48646C020}.Debug|x64.ActiveCfg = Debug|x64
		{C87A21A2-E960-4BC3-B56A-9CB48646C020}.Debug|x64.Build.0 = Debug|x64
		{C87A21A2-E960-4BC3-B56A-9CB48646C020}.Debug|x86.ActiveCfg = Debug|Win32
		{C87A21A2-E960-4BC3-B56A-9CB48646C020}.Debug|x86.Build.0 = Debug|Win32
		{C87A21A2-E960-4BC3-B56A-9CB48646C020}.Release|x64.ActiveCfg = Release|x64
		{C87A21A2-E960-4BC3-B56A-9CB48646C020}.Release|x64.Build.0 = Release|x64
		{C87A21A2-E960-4BC3-B56A-9CB48646C020}.Release|x86.ActiveCfg = Release|Win32
		{C87A21A2-E960-4BC3-B56A-9CB48646C020}.Release|x86.Build.0 = Release|Win32
		{FBDC6803-27D7-4392-8583-2D716236AE7C}.Debug|x64.ActiveCfg = Debug|x64
		{FBDC6803-27D7-4392-8583-2D716236AE7C}.Debug|x64.Build.0 = Debug|x64
		{FBDC6803-27D7-4392-8583-2D716236AE7C}.Debug|x86.ActiveCfg = Debug|Win32
		{FBDC6803-27D7-4392-8583-2D716236AE7C}.Debug|x86.Build.0 = Debug|Win32
		{FBDC6803-27D7-4392-8583-2D716236AE7C}.Release|x64.ActiveCfg = Release|x64
		{FBDC6803-27D7-4392-8583-2D716236AE7C}.Release|x64.Build.0 = Release|x64
		{FBDC6803-27D7-4392-8583-2D716236AE7C}.Release|x86.ActiveCfg = Release|Win32
		{FBDC6803-27D7-4392-8583-2D716236AE7C}.Release|x86.Build.0 = Release|Win32
		{50D60F04-4230-462C-B266-40D161C84EC4}.Debug|x64.ActiveCfg = Debug|x64
		{50D60F04-4230-462C-B266-40D161C84EC4}.Debug|x64.Build.0 = Debug|x64
		{50D60F04-4230-462C-B266-40D161C84EC4}.Debug|x86.ActiveCfg = Debug|Win32
		{50D60F04-4230-462C-B266-40D161C84EC4}.Debug|x86.Build.0 = Debug|Win32
		{50D60F04-4230-462C-B266-40D161C84EC4}.Release|x64.ActiveCfg = Release|x64
		{50D60F04-4230-462C-B266-40D161C84EC4}.Release|x64.Build.0 = Release|x64
		{50D60F04-4230-462C-B266-40D161C84EC4}.Release|x86.ActiveCfg = Release|Win32
		{50D60F04-4230-462C-B266-40D161C84EC4}.Release|x86.Build.0 = Release|Win32
		{089745AE-26FB-4B20-993E-BB11074164DF}.Debug|x64.ActiveCfg = Debug|x64
		{089745AE-26FB-4B20-993E-BB11074164DF}.Debug|x64.Build.0 = Debug|x64
		{089745AE-26FB-4B20-993E-BB11074164DF}.Debug|x86.ActiveCfg = Debug|Win32
		{089745AE-26FB-4B20-993E-BB11074164DF}.Debug|x86.Build.0 = Debug|Win32
		{089745AE-26FB-4B20-993E-BB11074164DF}.Release|x64.ActiveCfg = Release|x64
		{089745AE-26FB-4B20-993E-BB11074164DF}.Release|x64.Build.0 = Release|x64
		{089745AE-26FB-4B20-993E-BB11074164DF}.Release|x86.ActiveCfg = Release|Win32
		{089745AE-26FB-4B20-993E-BB11074164DF}.Release|x86.Build.0 = Release|Win32
		{ACC74007-AC01-47E0-98BA-F518D0B1FF64}.Debug|x64.ActiveCfg = Debug|x64
		{ACC74007-AC01-47E0-98BA-F518D0B1FF64}.Debug|x64.Build.0 = Debug|x64
		{ACC74007-AC01-47E0-98BA-F518D0B1FF64}.Debug|x86.ActiveCfg = Debug|Win32
		{ACC74007-AC01-47E0-98BA-F518D0B1FF64}.Debug|x86.Build.0 = Debug|Win32
		{ACC74007-AC01-47E0-98BA-F518D0B1FF64}.Release|x64.ActiveCfg = Release|x64
		{ACC74007-AC01-47E0-98BA-F518D0B1FF64}.Release|x64.Build.0 = Release|x64
		{ACC74007-AC01-47E0-98BA-F518D0B1FF64}.Release|x86.ActiveCfg = Release|Win32
		{ACC74007-AC01-47E0-98BA-F518D0B1FF64}.Release|x86.Build.0 = Release|Win32
		{0418A595-F691-45DB-96DD-6285A5DEA967}.Debug|x64.ActiveCfg = Debug|x64
		{0418A595-F691-45DB-96DD-6285A5DEA967}.Debug|x64.Build.0 = Debug|x64
		{0418A595-F691-45DB-96DD-6285A5DEA967}.Debug|x86.ActiveCfg = Debug|Win32
		{0418A595-F691-45DB-96DD-6285A5DEA967}.Debug|x86.Build.0 = Debug|Win32
		{0418A595-F691-45DB-96DD-6285A5DEA967}.Release|x64.ActiveCfg = Release|x64
		{0418A595-F691-45DB-96DD-6285A5DEA967}.Release|x64.Build.0 = Release|x64
		{0418A595-F691-45DB-96DD-6285A5DEA967}.Release|x86.ActiveCfg = Release|Win32
		{0418A595-F691-45DB-96DD-6285A5DEA967}.Release|x86.Build.0 = Release|Win32
		{EF2EBF55-FC00-4869-890C-8B82F876E159}.Debug|x64.ActiveCfg = Debug|x64
		{EF2EBF55-FC00-4869-890C-8B82F876E159}.Debug|x64.Build.0 = Debug|x64
		{EF2EBF55-FC00-4869-890C-8B82F876E159}.Debug|x86.ActiveCfg = Debug|Win32
		{EF2EBF55-FC00-4869-890C-8B82F876E159}.Debug|x86.Build.0 = Debug|Win32
		{EF2EBF55-FC00-4869-890C-8B82F876E159}.Release|x64.ActiveCfg = Release|x64
		{EF2EBF55-FC00-4869-890C-8B82F876E159}.Release|x64.Build.0 = Release|x64
		{EF2EBF55-FC00-4869-890C-8B82F876E159}.Release|x86.ActiveCfg = Release|Win32
		{EF2EBF55-FC00-4869-890C-8B82F876E159}.Release|x86.Build.0 = Release|Win32
		{2CBABFEE-3F04-40DE-9924-1CCAFB051C2F}.Debug|x64.ActiveCfg = Debug|x64
		{2CBABFEE-3F04-40DE-9924-1CCAFB051C2F}.Debug|x64.Build.0 = Debug|x64
		{2CBABFEE-3F04-40DE-9924-1CCAFB051C2F}.Debug|x86.ActiveCfg = Debug|Win32
		{2CBABFEE-3F04-40DE-9924-1CCAFB051C2F}.Debug|x86.Build.0 = Debug|Win32
		{2CBABFEE-3F04-40DE-9924-1CCAFB051C2F}.Release|x64.ActiveCfg = Release|x64
		{2CBABFEE-3F04-40DE-9924-1CCAFB051C2F}.Release|x64.Build.0 = Release|x64
		{2CBABFEE-3F04-40DE-9924-1CCAFB051C2F}.Release|x86.ActiveCfg = Release|Win32
		{2CBABFEE-3F04-40DE-9924-1CCAFB051C2F}.Release|x86.Build.0 = Release|Win32
		{8FB627EF-5ACB-41A8-B506-FBFF8AE4AE3F}.Debug|x64.ActiveCfg = Debug|x64
		{8FB627EF-5ACB-41A8-B506-FBFF8AE4AE3F}.Debug|x64.Build.0 = Debug|x64
		{8FB627EF-5ACB-41A8-B506-FBFF8AE4AE3F}.Debug|x86.ActiveCfg = Debug|Win32
		{8FB627EF-5ACB-41A8-B506-FBFF8AE4AE3F}.Debug|x86.Build.0 = Debug|Win32
		{8FB627EF-5ACB-41A8-B506-FBFF8AE4AE3F}.Release|x64.ActiveCfg = Release|x64
		{8FB627EF-5ACB-41A8-B506-FBFF8AE4AE3F}.Release|x64.Build.0 = Release|x64
		{8FB627EF-5ACB-41A8-B506-FBFF8AE4AE3F}.Release|x86.ActiveCfg = Release|Win32
		{8FB627EF-5ACB-41A8-B506-FBFF8AE4AE3F}.Release|x86.Build.0 = Release|Win32
		{D7C177A9-E546-4D65-9422-34C89DF37E40}.Debug|x64.ActiveCfg = Debug|x64
		{D7C177A9-E546-4D65-9422-34C89DF37E40}.Debug|x64.Build.0 = Debug|x64
		{D7C177A9-E546-4D65-9422-34C89DF37E40}.Debug|x86.ActiveCfg = Debug|Win32
		{D7C177A9-E546-4D65-9422-34C89DF37E40}.Debug|x86.Build.0 = Debug|Win32
		{D7C177A9-E546-4D65-9422-34C89DF37E40}.Release|x64.ActiveCfg = Release|x64
		{D7C177A9-E546-4D65-9422-34C89DF37E40}.Release|x64.Build.0 = Release|x64
		{D7C177A9-E546-4D65-9422-34C89DF37E40}.Release|x86.ActiveCfg = Release|Win32
		{D7C177A9-E546-4D65-9422-34C89DF37E40}.Release|x86.Build.0 = Release|Win32
		{B19E5E4F-81CB-43A2-813F-07F05E623BFD}.Debug|x64.ActiveCfg = Debug|x64
		{B19E5E4F-81CB-43A2-813F-07F05E623BFD}.Debug|x64.Build.0 = Debug|x64
		{B19E5E4F-81CB-43A2-813F-07F05E623BFD}.Debug|x86.ActiveCfg = Debug|Win32
		{B19E5E4F-81CB-43A2-813F-07F05E623BFD}.Debug|x86.Build.0 = Debug|Win32
		{B19E5E4F-81CB-43A2-813F-07F05E623BFD}.Release|x64.ActiveCfg = Release|x64
		{B19E5E4F-81CB-43A2-813F-07F05E623BFD}.Release|x64.Build.0 = Release|x64
		{B19E5E4F-81CB-43A2-813F-07F05E623BFD}.Release|x86.ActiveCfg = Release|Win32
		{B19E5E4F-81CB-43A2-813F-07F05E623BFD}.Release|x86.Build.0 = Release|Win32
		{65FFF2AD-F1A8-491D-B057-B0C34F3B0185}.Debug|x64.ActiveCfg = Debug|x64
		{65FFF2AD-F1A8-491D-B057-B0C34F3B0185}.Debug|x64.Build.0 = Debug|x64
		{65FFF2AD-F1A8-491D-B057-B0C34F3B0185}.Debug|x86.ActiveCfg = Debug|Win32
		{65FFF2AD-F1A8-491D-B057-B0C34F3B0185}.Debug|x86.Build.0 = Debug|Win32
		{65FFF2AD-F1A8-491D-B057-B0C34F3B0185}.Release|x64.ActiveCfg = Release|x64
		{65FFF2AD-F1A8-491D-B057-B0C34F3B0185}.Release|x64.Build.0 = Release|x64
		{65FFF2AD-F1A8-491D-B057-B0C34F3B0185}.Release|x86.ActiveCfg = Release|Win32
		{65FFF2AD-F1A8-491D-B057-B0C34F3B0185}.Release|x86.Build.0 = Release|Win32
		{DF7B08B0-F3EB-4B4E-9CD5-D79AF3106CCE}.Debug|x64.ActiveCfg = Debug|x64
		{DF7B08B0-F3EB-4B4E-9CD5-D79AF3106CCE}.Debug|x64.Build.0 = Debug|x64
		{DF7B08B0-F3EB-4B4E-9CD5-D79AF3106CCE}.Debug|x86.ActiveCfg = Debug|Win32
		{DF7B08B0-F3EB-4B4E-9CD5-D79AF3106CCE}.Debug|x86.Build.0 = Debug|Win32
		{DF7B08B0-F3EB-4B4E-9CD5-D79AF3106CCE}.Release|x64.ActiveCfg = Release|x64
		{DF7B08B0-F3EB-4B4E-9CD5-D79AF3106CCE}.Release|x64.Build.0 = Release|x64
		{DF7B08B0-F3EB-4B4E-9CD5-D79AF3106CCE}.Release|x86.ActiveCfg = Release|Win32
		{DF7B08B0-F3EB-4B4E-9CD5-D79AF3106CCE}.Release|x86.Build.0 = Release|Win32
		{7A32E325-0D19-4B68-843F-CCF122EFEB71}.Debug|x64.ActiveCfg = Debug|x64
		{7A32E325-0D19-4B68-843F-CCF122EFEB71}.Debug|x64.Build.0 = Debug|x64
		{7A32E325-0D19-4B68-843F-CCF122EFEB71}.Debug|x86.ActiveCfg = Debug|Win32
		{7A32E325-0D19-4B68-843F-CCF122EFEB71}.Debug|x86.Build.0 = Debug|Win32
		{7A32E325-0D19-4B68-843F-CCF122EFEB71}.Release|x64.ActiveCfg = Release|x64
		{7A32E325-0D19-4B68-843F-CCF122EFEB71}.Release|x64.Build.0 = Release|x64
		{7A32E325-0D19-4B68-843F-CCF122EFEB71}.Release|x86.ActiveCfg = Release|Win32
		{7A32E325-0D19-4B68-843F-CCF122EFEB71}.Release|x86.Build.0 = Release|Win32
	EndGlobalSection
	GlobalSection(SolutionProperties) = preSolution
		HideSolutionNode = FALSE
	EndGlobalSection
	GlobalSection(ExtensibilityGlobals) = postSolution
		SolutionGuid = {0F3636A4-5AE8-43F9-B061-AB7E465790F3}
	EndGlobalSection
EndGlobal
